
Microsoft Visual Studio Solution File, Format Version 12.00
# Visual Studio Version 17
VisualStudioVersion = 17.5.002.0
MinimumVisualStudioVersion = 10.0.40219.1
Project("{9A19103F-16F7-4668-BE54-9A1E7A4F7556}") = "linked list", "linked list.csproj", "{3EF2BE36-7181-4B3C-9421-D747D9A191AB}"
EndProject
Global
	GlobalSection(SolutionConfigurationPlatforms) = preSolution
		Debug|Any CPU = Debug|Any CPU
		Release|Any CPU = Release|Any CPU
	EndGlobalSection
	GlobalSection(ProjectConfigurationPlatforms) = postSolution
		{3EF2BE36-7181-4B3C-9421-D747D9A191AB}.Debug|Any CPU.ActiveCfg = Debug|Any CPU
		{3EF2BE36-7181-4B3C-9421-D747D9A191AB}.Debug|Any CPU.Build.0 = Debug|Any CPU
		{3EF2BE36-7181-4B3C-9421-D747D9A191AB}.Release|Any CPU.ActiveCfg = Release|Any CPU
		{3EF2BE36-7181-4B3C-9421-D747D9A191AB}.Release|Any CPU.Build.0 = Release|Any CPU
	EndGlobalSection
	GlobalSection(SolutionProperties) = preSolution
		HideSolutionNode = FALSE
	EndGlobalSection
	GlobalSection(ExtensibilityGlobals) = postSolution
		SolutionGuid = {16238BEF-348A-48E8-864C-86D86DA4B9BD}
	EndGlobalSection
EndGlobal
